// !$*UTF8*$!
{
	archiveVersion = 1;
	classes = {
	};
	objectVersion = 46;
	objects = {

/* Begin PBXBuildFile section */
		67E947F11E83A5140066D64F /* main.m in Sources */ = {isa = PBXBuildFile; fileRef = 67E947F01E83A5140066D64F /* main.m */; };
		67E947F41E83A5140066D64F /* AppDelegate.m in Sources */ = {isa = PBXBuildFile; fileRef = 67E947F31E83A5140066D64F /* AppDelegate.m */; };
		67E947F71E83A5140066D64F /* ViewController.m in Sources */ = {isa = PBXBuildFile; fileRef = 67E947F61E83A5140066D64F /* ViewController.m */; };
		67E947FA1E83A5140066D64F /* Main.storyboard in Resources */ = {isa = PBXBuildFile; fileRef = 67E947F81E83A5140066D64F /* Main.storyboard */; };
		67E947FC1E83A5150066D64F /* Assets.xcassets in Resources */ = {isa = PBXBuildFile; fileRef = 67E947FB1E83A5150066D64F /* Assets.xcassets */; };
		67E947FF1E83A5150066D64F /* LaunchScreen.storyboard in Resources */ = {isa = PBXBuildFile; fileRef = 67E947FD1E83A5150066D64F /* LaunchScreen.storyboard */; };
		67E948081E83A91A0066D64F /* FoodCell.m in Sources */ = {isa = PBXBuildFile; fileRef = 67E948071E83A91A0066D64F /* FoodCell.m */; };
		67E9480B1E83BFFA0066D64F /* DrinkCell.m in Sources */ = {isa = PBXBuildFile; fileRef = 67E9480A1E83BFFA0066D64F /* DrinkCell.m */; };
/* End PBXBuildFile section */

/* Begin PBXFileReference section */
		67E947EC1E83A5140066D64F /* MenuSelection.app */ = {isa = PBXFileReference; explicitFileType = wrapper.application; includeInIndex = 0; path = MenuSelection.app; sourceTree = BUILT_PRODUCTS_DIR; };
		67E947F01E83A5140066D64F /* main.m */ = {isa = PBXFileReference; lastKnownFileType = sourcecode.c.objc; path = main.m; sourceTree = "<group>"; };
		67E947F21E83A5140066D64F /* AppDelegate.h */ = {isa = PBXFileReference; lastKnownFileType = sourcecode.c.h; path = AppDelegate.h; sourceTree = "<group>"; };
		67E947F31E83A5140066D64F /* AppDelegate.m */ = {isa = PBXFileReference; lastKnownFileType = sourcecode.c.objc; path = AppDelegate.m; sourceTree = "<group>"; };
		67E947F51E83A5140066D64F /* ViewController.h */ = {isa = PBXFileReference; lastKnownFileType = sourcecode.c.h; path = ViewController.h; sourceTree = "<group>"; };
		67E947F61E83A5140066D64F /* ViewController.m */ = {isa = PBXFileReference; lastKnownFileType = sourcecode.c.objc; path = ViewController.m; sourceTree = "<group>"; };
		67E947F91E83A5140066D64F /* Base */ = {isa = PBXFileReference; lastKnownFileType = file.storyboard; name = Base; path = Base.lproj/Main.storyboard; sourceTree = "<group>"; };
		67E947FB1E83A5150066D64F /* Assets.xcassets */ = {isa = PBXFileReference; lastKnownFileType = folder.assetcatalog; path = Assets.xcassets; sourceTree = "<group>"; };
		67E947FE1E83A5150066D64F /* Base */ = {isa = PBXFileReference; lastKnownFileType = file.storyboard; name = Base; path = Base.lproj/LaunchScreen.storyboard; sourceTree = "<group>"; };
		67E948001E83A5150066D64F /* Info.plist */ = {isa = PBXFileReference; lastKnownFileType = text.plist.xml; path = Info.plist; sourceTree = "<group>"; };
		67E948061E83A91A0066D64F /* FoodCell.h */ = {isa = PBXFileReference; fileEncoding = 4; lastKnownFileType = sourcecode.c.h; path = FoodCell.h; sourceTree = "<group>"; };
		67E948071E83A91A0066D64F /* FoodCell.m */ = {isa = PBXFileReference; fileEncoding = 4; lastKnownFileType = sourcecode.c.objc; path = FoodCell.m; sourceTree = "<group>"; };
		67E948091E83BFFA0066D64F /* DrinkCell.h */ = {isa = PBXFileReference; fileEncoding = 4; lastKnownFileType = sourcecode.c.h; path = DrinkCell.h; sourceTree = "<group>"; };
		67E9480A1E83BFFA0066D64F /* DrinkCell.m */ = {isa = PBXFileReference; fileEncoding = 4; lastKnownFileType = sourcecode.c.objc; path = DrinkCell.m; sourceTree = "<group>"; };
/* End PBXFileReference section */

/* Begin PBXFrameworksBuildPhase section */
		67E947E91E83A5140066D64F /* Frameworks */ = {
			isa = PBXFrameworksBuildPhase;
			buildActionMask = 2147483647;
			files = (
			);
			runOnlyForDeploymentPostprocessing = 0;
		};
/* End PBXFrameworksBuildPhase section */

/* Begin PBXGroup section */
		67E947E31E83A5140066D64F = {
			isa = PBXGroup;
			children = (
				67E947EE1E83A5140066D64F /* MenuSelection */,
				67E947ED1E83A5140066D64F /* Products */,
			);
			sourceTree = "<group>";
		};
		67E947ED1E83A5140066D64F /* Products */ = {
			isa = PBXGroup;
			children = (
				67E947EC1E83A5140066D64F /* MenuSelection.app */,
			);
			name = Products;
			sourceTree = "<group>";
		};
		67E947EE1E83A5140066D64F /* MenuSelection */ = {
			isa = PBXGroup;
			children = (
				67E947F21E83A5140066D64F /* AppDelegate.h */,
				67E947F31E83A5140066D64F /* AppDelegate.m */,
				67E947F51E83A5140066D64F /* ViewController.h */,
				67E947F61E83A5140066D64F /* ViewController.m */,
				67E948091E83BFFA0066D64F /* DrinkCell.h */,
				67E9480A1E83BFFA0066D64F /* DrinkCell.m */,
				67E947F81E83A5140066D64F /* Main.storyboard */,
				67E948061E83A91A0066D64F /* FoodCell.h */,
				67E948071E83A91A0066D64F /* FoodCell.m */,
				67E947FB1E83A5150066D64F /* Assets.xcassets */,
				67E947FD1E83A5150066D64F /* LaunchScreen.storyboard */,
				67E948001E83A5150066D64F /* Info.plist */,
				67E947EF1E83A5140066D64F /* Supporting Files */,
			);
			path = MenuSelection;
			sourceTree = "<group>";
		};
		67E947EF1E83A5140066D64F /* Supporting Files */ = {
			isa = PBXGroup;
			children = (
				67E947F01E83A5140066D64F /* main.m */,
			);
			name = "Supporting Files";
			sourceTree = "<group>";
		};
/* End PBXGroup section */

/* Begin PBXNativeTarget section */
		67E947EB1E83A5140066D64F /* MenuSelection */ = {
			isa = PBXNativeTarget;
			buildConfigurationList = 67E948031E83A5150066D64F /* Build configuration list for PBXNativeTarget "MenuSelection" */;
			buildPhases = (
				67E947E81E83A5140066D64F /* Sources */,
				67E947E91E83A5140066D64F /* Frameworks */,
				67E947EA1E83A5140066D64F /* Resources */,
			);
			buildRules = (
			);
			dependencies = (
			);
			name = MenuSelection;
			productName = MenuSelection;
			productReference = 67E947EC1E83A5140066D64F /* MenuSelection.app */;
			productType = "com.apple.product-type.application";
		};
/* End PBXNativeTarget section */

/* Begin PBXProject section */
		67E947E41E83A5140066D64F /* Project object */ = {
			isa = PBXProject;
			attributes = {
				LastUpgradeCheck = 0820;
				ORGANIZATIONNAME = Key;
				TargetAttributes = {
					67E947EB1E83A5140066D64F = {
						CreatedOnToolsVersion = 8.2.1;
						ProvisioningStyle = Automatic;
					};
				};
			};
			buildConfigurationList = 67E947E71E83A5140066D64F /* Build configuration list for PBXProject "MenuSelection" */;
			compatibilityVersion = "Xcode 3.2";
			developmentRegion = English;
			hasScannedForEncodings = 0;
			knownRegions = (
				en,
				Base,
			);
			mainGroup = 67E947E31E83A5140066D64F;
			productRefGroup = 67E947ED1E83A5140066D64F /* Products */;
			projectDirPath = "";
			projectRoot = "";
			targets = (
				67E947EB1E83A5140066D64F /* MenuSelection */,
			);
		};
/* End PBXProject section */

/* Begin PBXResourcesBuildPhase section */
		67E947EA1E83A5140066D64F /* Resources */ = {
			isa = PBXResourcesBuildPhase;
			buildActionMask = 2147483647;
			files = (
				67E947FF1E83A5150066D64F /* LaunchScreen.storyboard in Resources */,
				67E947FC1E83A5150066D64F /* Assets.xcassets in Resources */,
				67E947FA1E83A5140066D64F /* Main.storyboard in Resources */,
			);
			runOnlyForDeploymentPostprocessing = 0;
		};
/* End PBXResourcesBuildPhase section */

/* Begin PBXSourcesBuildPhase section */
		67E947E81E83A5140066D64F /* Sources */ = {
			isa = PBXSourcesBuildPhase;
			buildActionMask = 2147483647;
			files = (
				67E9480B1E83BFFA0066D64F /* DrinkCell.m in Sources */,
				67E947F71E83A5140066D64F /* ViewController.m in Sources */,
				67E948081E83A91A0066D64F /* FoodCell.m in Sources */,
				67E947F41E83A5140066D64F /* AppDelegate.m in Sources */,
				67E947F11E83A5140066D64F /* main.m in Sources */,
			);
			runOnlyForDeploymentPostprocessing = 0;
		};
/* End PBXSourcesBuildPhase section */

/* Begin PBXVariantGroup section */
		67E947F81E83A5140066D64F /* Main.storyboard */ = {
			isa = PBXVariantGroup;
			children = (
				67E947F91E83A5140066D64F /* Base */,
			);
			name = Main.storyboard;
			sourceTree = "<group>";
		};
		67E947FD1E83A5150066D64F /* LaunchScreen.storyboard */ = {
			isa = PBXVariantGroup;
			children = (
				67E947FE1E83A5150066D64F /* Base */,
			);
			name = LaunchScreen.storyboard;
			sourceTree = "<group>";
		};
/* End PBXVariantGroup section */

/* Begin XCBuildConfiguration section */
		67E948011E83A5150066D64F /* Debug */ = {
			isa = XCBuildConfiguration;
			buildSettings = {
				ALWAYS_SEARCH_USER_PATHS = NO;
				CLANG_ANALYZER_NONNULL = YES;
				CLANG_CXX_LANGUAGE_STANDARD = "gnu++0x";
				CLANG_CXX_LIBRARY = "libc++";
				CLANG_ENABLE_MODULES = YES;
				CLANG_ENABLE_OBJC_ARC = YES;
				CLANG_WARN_BOOL_CONVERSION = YES;
				CLANG_WARN_CONSTANT_CONVERSION = YES;
				CLANG_WARN_DIRECT_OBJC_ISA_USAGE = YES_ERROR;
				CLANG_WARN_DOCUMENTATION_COMMENTS = YES;
				CLANG_WARN_EMPTY_BODY = YES;
				CLANG_WARN_ENUM_CONVERSION = YES;
				CLANG_WARN_INFINITE_RECURSION = YES;
				CLANG_WARN_INT_CONVERSION = YES;
				CLANG_WARN_OBJC_ROOT_CLASS = YES_ERROR;
				CLANG_WARN_SUSPICIOUS_MOVE = YES;
				CLANG_WARN_UNREACHABLE_CODE = YES;
				CLANG_WARN__DUPLICATE_METHOD_MATCH = YES;
				"CODE_SIGN_IDENTITY[sdk=iphoneos*]" = "iPhone Developer";
				COPY_PHASE_STRIP = NO;
				DEBUG_INFORMATION_FORMAT = dwarf;
				ENABLE_STRICT_OBJC_MSGSEND = YES;
				ENABLE_TESTABILITY = YES;
				GCC_C_LANGUAGE_STANDARD = gnu99;
				GCC_DYNAMIC_NO_PIC = NO;
				GCC_NO_COMMON_BLOCKS = YES;
				GCC_OPTIMIZATION_LEVEL = 0;
				GCC_PREPROCESSOR_DEFINITIONS = (
					"DEBUG=1",
					"$(inherited)",
				);
				GCC_WARN_64_TO_32_BIT_CONVERSION = YES;
				GCC_WARN_ABOUT_RETURN_TYPE = YES_ERROR;
				GCC_WARN_UNDECLARED_SELECTOR = YES;
				GCC_WARN_UNINITIALIZED_AUTOS = YES_AGGRESSIVE;
				GCC_WARN_UNUSED_FUNCTION = YES;
				GCC_WARN_UNUSED_VARIABLE = YES;
				IPHONEOS_DEPLOYMENT_TARGET = 10.2;
				MTL_ENABLE_DEBUG_INFO = YES;
				ONLY_ACTIVE_ARCH = YES;
				SDKROOT = iphoneos;
			};
			name = Debug;
		};
		67E948021E83A5150066D64F /* Release */ = {
			isa = XCBuildConfiguration;
			buildSettings = {
				ALWAYS_SEARCH_USER_PATHS = NO;
				CLANG_ANALYZER_NONNULL = YES;
				CLANG_CXX_LANGUAGE_STANDARD = "gnu++0x";
				CLANG_CXX_LIBRARY = "libc++";
				CLANG_ENABLE_MODULES = YES;
				CLANG_ENABLE_OBJC_ARC = YES;
				CLANG_WARN_BOOL_CONVERSION = YES;
				CLANG_WARN_CONSTANT_CONVERSION = YES;
				CLANG_WARN_DIRECT_OBJC_ISA_USAGE = YES_ERROR;
				CLANG_WARN_DOCUMENTATION_COMMENTS = YES;
				CLANG_WARN_EMPTY_BODY = YES;
				CLANG_WARN_ENUM_CONVERSION = YES;
				CLANG_WARN_INFINITE_RECURSION = YES;
				CLANG_WARN_INT_CONVERSION = YES;
				CLANG_WARN_OBJC_ROOT_CLASS = YES_ERROR;
				CLANG_WARN_SUSPICIOUS_MOVE = YES;
				CLANG_WARN_UNREACHABLE_CODE = YES;
				CLANG_WARN__DUPLICATE_METHOD_MATCH = YES;
				"CODE_SIGN_IDENTITY[sdk=iphoneos*]" = "iPhone Developer";
				COPY_PHASE_STRIP = NO;
				DEBUG_INFORMATION_FORMAT = "dwarf-with-dsym";
				ENABLE_NS_ASSERTIONS = NO;
				ENABLE_STRICT_OBJC_MSGSEND = YES;
				GCC_C_LANGUAGE_STANDARD = gnu99;
				GCC_NO_COMMON_BLOCKS = YES;
				GCC_WARN_64_TO_32_BIT_CONVERSION = YES;
				GCC_WARN_ABOUT_RETURN_TYPE = YES_ERROR;
				GCC_WARN_UNDECLARED_SELECTOR = YES;
				GCC_WARN_UNINITIALIZED_AUTOS = YES_AGGRESSIVE;
				GCC_WARN_UNUSED_FUNCTION = YES;
				GCC_WARN_UNUSED_VARIABLE = YES;
				IPHONEOS_DEPLOYMENT_TARGET = 10.2;
				MTL_ENABLE_DEBUG_INFO = NO;
				SDKROOT = iphoneos;
				VALIDATE_PRODUCT = YES;
			};
			name = Release;
		};
		67E948041E83A5150066D64F /* Debug */ = {
			isa = XCBuildConfiguration;
			buildSettings = {
				ASSETCATALOG_COMPILER_APPICON_NAME = AppIcon;
				INFOPLIST_FILE = MenuSelection/Info.plist;
				LD_RUNPATH_SEARCH_PATHS = "$(inherited) @executable_path/Frameworks";
				PRODUCT_BUNDLE_IDENTIFIER = callmekey.MenuSelection;
				PRODUCT_NAME = "$(TARGET_NAME)";
			};
			name = Debug;
		};
		67E948051E83A5150066D64F /* Release */ = {
			isa = XCBuildConfiguration;
			buildSettings = {
				ASSETCATALOG_COMPILER_APPICON_NAME = AppIcon;
				INFOPLIST_FILE = MenuSelection/Info.plist;
				LD_RUNPATH_SEARCH_PATHS = "$(inherited) @executable_path/Frameworks";
				PRODUCT_BUNDLE_IDENTIFIER = callmekey.MenuSelection;
				PRODUCT_NAME = "$(TARGET_NAME)";
			};
			name = Release;
		};
/* End XCBuildConfiguration section */

/* Begin XCConfigurationList section */
		67E947E71E83A5140066D64F /* Build configuration list for PBXProject "MenuSelection" */ = {
			isa = XCConfigurationList;
			buildConfigurations = (
				67E948011E83A5150066D64F /* Debug */,
				67E948021E83A5150066D64F /* Release */,
			);
			defaultConfigurationIsVisible = 0;
			defaultConfigurationName = Release;
		};
		67E948031E83A5150066D64F /* Build configuration list for PBXNativeTarget "MenuSelection" */ = {
			isa = XCConfigurationList;
			buildConfigurations = (
				67E948041E83A5150066D64F /* Debug */,
				67E948051E83A5150066D64F /* Release */,
			);
			defaultConfigurationIsVisible = 0;
		};
/* End XCConfigurationList section */
	};
	rootObject = 67E947E41E83A5140066D64F /* Project object */;
}
